// !$*UTF8*$!
{
	archiveVersion = 1;
	classes = {
	};
	objectVersion = 50;
	objects = {

/* Begin PBXBuildFile section */
		E12B403D2281132300C60F96 /* SDUserObject.m in Sources */ = {isa = PBXBuildFile; fileRef = E12B403C2281132300C60F96 /* SDUserObject.m */; };
		E12B404022811B1F00C60F96 /* TestUserDefaults.m in Sources */ = {isa = PBXBuildFile; fileRef = E12B403F22811B1F00C60F96 /* TestUserDefaults.m */; };
		E12B404322811CD100C60F96 /* TestErrorModel.m in Sources */ = {isa = PBXBuildFile; fileRef = E12B404222811CD100C60F96 /* TestErrorModel.m */; };
		E175C3B72269B8A900DA2D13 /* AppDelegate.m in Sources */ = {isa = PBXBuildFile; fileRef = E175C3B62269B8A900DA2D13 /* AppDelegate.m */; };
		E175C3BA2269B8A900DA2D13 /* ViewController.m in Sources */ = {isa = PBXBuildFile; fileRef = E175C3B92269B8A900DA2D13 /* ViewController.m */; };
		E175C3BD2269B8A900DA2D13 /* Main.storyboard in Resources */ = {isa = PBXBuildFile; fileRef = E175C3BB2269B8A900DA2D13 /* Main.storyboard */; };
		E175C3BF2269B8AC00DA2D13 /* Assets.xcassets in Resources */ = {isa = PBXBuildFile; fileRef = E175C3BE2269B8AC00DA2D13 /* Assets.xcassets */; };
		E175C3C22269B8AC00DA2D13 /* LaunchScreen.storyboard in Resources */ = {isa = PBXBuildFile; fileRef = E175C3C02269B8AC00DA2D13 /* LaunchScreen.storyboard */; };
		E175C3C52269B8AC00DA2D13 /* main.m in Sources */ = {isa = PBXBuildFile; fileRef = E175C3C42269B8AC00DA2D13 /* main.m */; };
		E175C3D12269B9B900DA2D13 /* SDCodingObject.m in Sources */ = {isa = PBXBuildFile; fileRef = E175C3CE2269B9B900DA2D13 /* SDCodingObject.m */; };
		E175C3D22269B9B900DA2D13 /* SDUserDefaults.m in Sources */ = {isa = PBXBuildFile; fileRef = E175C3D02269B9B900DA2D13 /* SDUserDefaults.m */; };
		E175C3D52269B9E600DA2D13 /* TextModel.m in Sources */ = {isa = PBXBuildFile; fileRef = E175C3D42269B9E600DA2D13 /* TextModel.m */; };
/* End PBXBuildFile section */

/* Begin PBXFileReference section */
		E12B403B2281132300C60F96 /* SDUserObject.h */ = {isa = PBXFileReference; lastKnownFileType = sourcecode.c.h; path = SDUserObject.h; sourceTree = "<group>"; };
		E12B403C2281132300C60F96 /* SDUserObject.m */ = {isa = PBXFileReference; lastKnownFileType = sourcecode.c.objc; path = SDUserObject.m; sourceTree = "<group>"; };
		E12B403E22811B1F00C60F96 /* TestUserDefaults.h */ = {isa = PBXFileReference; lastKnownFileType = sourcecode.c.h; path = TestUserDefaults.h; sourceTree = "<group>"; };
		E12B403F22811B1F00C60F96 /* TestUserDefaults.m */ = {isa = PBXFileReference; lastKnownFileType = sourcecode.c.objc; path = TestUserDefaults.m; sourceTree = "<group>"; };
		E12B404122811CD100C60F96 /* TestErrorModel.h */ = {isa = PBXFileReference; lastKnownFileType = sourcecode.c.h; path = TestErrorModel.h; sourceTree = "<group>"; };
		E12B404222811CD100C60F96 /* TestErrorModel.m */ = {isa = PBXFileReference; lastKnownFileType = sourcecode.c.objc; path = TestErrorModel.m; sourceTree = "<group>"; };
		E175C3B22269B8A900DA2D13 /* SDUserDefaultsDemo.app */ = {isa = PBXFileReference; explicitFileType = wrapper.application; includeInIndex = 0; path = SDUserDefaultsDemo.app; sourceTree = BUILT_PRODUCTS_DIR; };
		E175C3B52269B8A900DA2D13 /* AppDelegate.h */ = {isa = PBXFileReference; lastKnownFileType = sourcecode.c.h; path = AppDelegate.h; sourceTree = "<group>"; };
		E175C3B62269B8A900DA2D13 /* AppDelegate.m */ = {isa = PBXFileReference; lastKnownFileType = sourcecode.c.objc; path = AppDelegate.m; sourceTree = "<group>"; };
		E175C3B82269B8A900DA2D13 /* ViewController.h */ = {isa = PBXFileReference; lastKnownFileType = sourcecode.c.h; path = ViewController.h; sourceTree = "<group>"; };
		E175C3B92269B8A900DA2D13 /* ViewController.m */ = {isa = PBXFileReference; lastKnownFileType = sourcecode.c.objc; path = ViewController.m; sourceTree = "<group>"; };
		E175C3BC2269B8A900DA2D13 /* Base */ = {isa = PBXFileReference; lastKnownFileType = file.storyboard; name = Base; path = Base.lproj/Main.storyboard; sourceTree = "<group>"; };
		E175C3BE2269B8AC00DA2D13 /* Assets.xcassets */ = {isa = PBXFileReference; lastKnownFileType = folder.assetcatalog; path = Assets.xcassets; sourceTree = "<group>"; };
		E175C3C12269B8AC00DA2D13 /* Base */ = {isa = PBXFileReference; lastKnownFileType = file.storyboard; name = Base; path = Base.lproj/LaunchScreen.storyboard; sourceTree = "<group>"; };
		E175C3C32269B8AC00DA2D13 /* Info.plist */ = {isa = PBXFileReference; lastKnownFileType = text.plist.xml; path = Info.plist; sourceTree = "<group>"; };
		E175C3C42269B8AC00DA2D13 /* main.m */ = {isa = PBXFileReference; lastKnownFileType = sourcecode.c.objc; path = main.m; sourceTree = "<group>"; };
		E175C3CD2269B9B900DA2D13 /* SDCodingObject.h */ = {isa = PBXFileReference; fileEncoding = 4; lastKnownFileType = sourcecode.c.h; path = SDCodingObject.h; sourceTree = "<group>"; };
		E175C3CE2269B9B900DA2D13 /* SDCodingObject.m */ = {isa = PBXFileReference; fileEncoding = 4; lastKnownFileType = sourcecode.c.objc; path = SDCodingObject.m; sourceTree = "<group>"; };
		E175C3CF2269B9B900DA2D13 /* SDUserDefaults.h */ = {isa = PBXFileReference; fileEncoding = 4; lastKnownFileType = sourcecode.c.h; path = SDUserDefaults.h; sourceTree = "<group>"; };
		E175C3D02269B9B900DA2D13 /* SDUserDefaults.m */ = {isa = PBXFileReference; fileEncoding = 4; lastKnownFileType = sourcecode.c.objc; path = SDUserDefaults.m; sourceTree = "<group>"; };
		E175C3D32269B9E600DA2D13 /* TextModel.h */ = {isa = PBXFileReference; fileEncoding = 4; lastKnownFileType = sourcecode.c.h; path = TextModel.h; sourceTree = "<group>"; };
		E175C3D42269B9E600DA2D13 /* TextModel.m */ = {isa = PBXFileReference; fileEncoding = 4; lastKnownFileType = sourcecode.c.objc; path = TextModel.m; sourceTree = "<group>"; };
/* End PBXFileReference section */

/* Begin PBXFrameworksBuildPhase section */
		E175C3AF2269B8A900DA2D13 /* Frameworks */ = {
			isa = PBXFrameworksBuildPhase;
			buildActionMask = 2147483647;
			files = (
			);
			runOnlyForDeploymentPostprocessing = 0;
		};
/* End PBXFrameworksBuildPhase section */

/* Begin PBXGroup section */
		E175C3A92269B8A900DA2D13 = {
			isa = PBXGroup;
			children = (
				E175C3B42269B8A900DA2D13 /* SDUserDefaultsDemo */,
				E175C3B32269B8A900DA2D13 /* Products */,
			);
			sourceTree = "<group>";
		};
		E175C3B32269B8A900DA2D13 /* Products */ = {
			isa = PBXGroup;
			children = (
				E175C3B22269B8A900DA2D13 /* SDUserDefaultsDemo.app */,
			);
			name = Products;
			sourceTree = "<group>";
		};
		E175C3B42269B8A900DA2D13 /* SDUserDefaultsDemo */ = {
			isa = PBXGroup;
			children = (
				E175C3CC2269B9B900DA2D13 /* SDUserDefaults */,
				E175C3B52269B8A900DA2D13 /* AppDelegate.h */,
				E175C3B62269B8A900DA2D13 /* AppDelegate.m */,
				E175C3B82269B8A900DA2D13 /* ViewController.h */,
				E175C3B92269B8A900DA2D13 /* ViewController.m */,
				E12B403E22811B1F00C60F96 /* TestUserDefaults.h */,
				E12B403F22811B1F00C60F96 /* TestUserDefaults.m */,
				E175C3D32269B9E600DA2D13 /* TextModel.h */,
				E175C3D42269B9E600DA2D13 /* TextModel.m */,
				E12B404122811CD100C60F96 /* TestErrorModel.h */,
				E12B404222811CD100C60F96 /* TestErrorModel.m */,
				E175C3BB2269B8A900DA2D13 /* Main.storyboard */,
				E175C3BE2269B8AC00DA2D13 /* Assets.xcassets */,
				E175C3C02269B8AC00DA2D13 /* LaunchScreen.storyboard */,
				E175C3C32269B8AC00DA2D13 /* Info.plist */,
				E175C3C42269B8AC00DA2D13 /* main.m */,
			);
			path = SDUserDefaultsDemo;
			sourceTree = "<group>";
		};
		E175C3CC2269B9B900DA2D13 /* SDUserDefaults */ = {
			isa = PBXGroup;
			children = (
				E175C3CD2269B9B900DA2D13 /* SDCodingObject.h */,
				E175C3CE2269B9B900DA2D13 /* SDCodingObject.m */,
				E12B403B2281132300C60F96 /* SDUserObject.h */,
				E12B403C2281132300C60F96 /* SDUserObject.m */,
				E175C3CF2269B9B900DA2D13 /* SDUserDefaults.h */,
				E175C3D02269B9B900DA2D13 /* SDUserDefaults.m */,
			);
			path = SDUserDefaults;
			sourceTree = "<group>";
		};
/* End PBXGroup section */

/* Begin PBXNativeTarget section */
		E175C3B12269B8A900DA2D13 /* SDUserDefaultsDemo */ = {
			isa = PBXNativeTarget;
			buildConfigurationList = E175C3C82269B8AC00DA2D13 /* Build configuration list for PBXNativeTarget "SDUserDefaultsDemo" */;
			buildPhases = (
				E175C3AE2269B8A900DA2D13 /* Sources */,
				E175C3AF2269B8A900DA2D13 /* Frameworks */,
				E175C3B02269B8A900DA2D13 /* Resources */,
			);
			buildRules = (
			);
			dependencies = (
			);
			name = SDUserDefaultsDemo;
			productName = SDUserDefaultsDemo;
			productReference = E175C3B22269B8A900DA2D13 /* SDUserDefaultsDemo.app */;
			productType = "com.apple.product-type.application";
		};
/* End PBXNativeTarget section */

/* Begin PBXProject section */
		E175C3AA2269B8A900DA2D13 /* Project object */ = {
			isa = PBXProject;
			attributes = {
				LastUpgradeCheck = 1010;
				ORGANIZATIONNAME = Dong;
				TargetAttributes = {
					E175C3B12269B8A900DA2D13 = {
						CreatedOnToolsVersion = 10.1;
					};
				};
			};
			buildConfigurationList = E175C3AD2269B8A900DA2D13 /* Build configuration list for PBXProject "SDUserDefaultsDemo" */;
			compatibilityVersion = "Xcode 9.3";
			developmentRegion = en;
			hasScannedForEncodings = 0;
			knownRegions = (
				en,
				Base,
			);
			mainGroup = E175C3A92269B8A900DA2D13;
			productRefGroup = E175C3B32269B8A900DA2D13 /* Products */;
			projectDirPath = "";
			projectRoot = "";
			targets = (
				E175C3B12269B8A900DA2D13 /* SDUserDefaultsDemo */,
			);
		};
/* End PBXProject section */

/* Begin PBXResourcesBuildPhase section */
		E175C3B02269B8A900DA2D13 /* Resources */ = {
			isa = PBXResourcesBuildPhase;
			buildActionMask = 2147483647;
			files = (
				E175C3C22269B8AC00DA2D13 /* LaunchScreen.storyboard in Resources */,
				E175C3BF2269B8AC00DA2D13 /* Assets.xcassets in Resources */,
				E175C3BD2269B8A900DA2D13 /* Main.storyboard in Resources */,
			);
			runOnlyForDeploymentPostprocessing = 0;
		};
/* End PBXResourcesBuildPhase section */

/* Begin PBXSourcesBuildPhase section */
		E175C3AE2269B8A900DA2D13 /* Sources */ = {
			isa = PBXSourcesBuildPhase;
			buildActionMask = 2147483647;
			files = (
				E175C3BA2269B8A900DA2D13 /* ViewController.m in Sources */,
				E175C3D22269B9B900DA2D13 /* SDUserDefaults.m in Sources */,
				E175C3D12269B9B900DA2D13 /* SDCodingObject.m in Sources */,
				E12B403D2281132300C60F96 /* SDUserObject.m in Sources */,
				E12B404022811B1F00C60F96 /* TestUserDefaults.m in Sources */,
				E175C3C52269B8AC00DA2D13 /* main.m in Sources */,
				E175C3D52269B9E600DA2D13 /* TextModel.m in Sources */,
				E175C3B72269B8A900DA2D13 /* AppDelegate.m in Sources */,
				E12B404322811CD100C60F96 /* TestErrorModel.m in Sources */,
			);
			runOnlyForDeploymentPostprocessing = 0;
		};
/* End PBXSourcesBuildPhase section */

/* Begin PBXVariantGroup section */
		E175C3BB2269B8A900DA2D13 /* Main.storyboard */ = {
			isa = PBXVariantGroup;
			children = (
				E175C3BC2269B8A900DA2D13 /* Base */,
			);
			name = Main.storyboard;
			sourceTree = "<group>";
		};
		E175C3C02269B8AC00DA2D13 /* LaunchScreen.storyboard */ = {
			isa = PBXVariantGroup;
			children = (
				E175C3C12269B8AC00DA2D13 /* Base */,
			);
			name = LaunchScreen.storyboard;
			sourceTree = "<group>";
		};
/* End PBXVariantGroup section */

/* Begin XCBuildConfiguration section */
		E175C3C62269B8AC00DA2D13 /* Debug */ = {
			isa = XCBuildConfiguration;
			buildSettings = {
				ALWAYS_SEARCH_USER_PATHS = NO;
				CLANG_ANALYZER_NONNULL = YES;
				CLANG_ANALYZER_NUMBER_OBJECT_CONVERSION = YES_AGGRESSIVE;
				CLANG_CXX_LANGUAGE_STANDARD = "gnu++14";
				CLANG_CXX_LIBRARY = "libc++";
				CLANG_ENABLE_MODULES = YES;
				CLANG_ENABLE_OBJC_ARC = YES;
				CLANG_ENABLE_OBJC_WEAK = YES;
				CLANG_WARN_BLOCK_CAPTURE_AUTORELEASING = YES;
				CLANG_WARN_BOOL_CONVERSION = YES;
				CLANG_WARN_COMMA = YES;
				CLANG_WARN_CONSTANT_CONVERSION = YES;
				CLANG_WARN_DEPRECATED_OBJC_IMPLEMENTATIONS = YES;
				CLANG_WARN_DIRECT_OBJC_ISA_USAGE = YES_ERROR;
				CLANG_WARN_DOCUMENTATION_COMMENTS = YES;
				CLANG_WARN_EMPTY_BODY = YES;
				CLANG_WARN_ENUM_CONVERSION = YES;
				CLANG_WARN_INFINITE_RECURSION = YES;
				CLANG_WARN_INT_CONVERSION = YES;
				CLANG_WARN_NON_LITERAL_NULL_CONVERSION = YES;
				CLANG_WARN_OBJC_IMPLICIT_RETAIN_SELF = YES;
				CLANG_WARN_OBJC_LITERAL_CONVERSION = YES;
				CLANG_WARN_OBJC_ROOT_CLASS = YES_ERROR;
				CLANG_WARN_RANGE_LOOP_ANALYSIS = YES;
				CLANG_WARN_STRICT_PROTOTYPES = YES;
				CLANG_WARN_SUSPICIOUS_MOVE = YES;
				CLANG_WARN_UNGUARDED_AVAILABILITY = YES_AGGRESSIVE;
				CLANG_WARN_UNREACHABLE_CODE = YES;
				CLANG_WARN__DUPLICATE_METHOD_MATCH = YES;
				CODE_SIGN_IDENTITY = "iPhone Developer";
				COPY_PHASE_STRIP = NO;
				DEBUG_INFORMATION_FORMAT = dwarf;
				ENABLE_STRICT_OBJC_MSGSEND = YES;
				ENABLE_TESTABILITY = YES;
				GCC_C_LANGUAGE_STANDARD = gnu11;
				GCC_DYNAMIC_NO_PIC = NO;
				GCC_NO_COMMON_BLOCKS = YES;
				GCC_OPTIMIZATION_LEVEL = 0;
				GCC_PREPROCESSOR_DEFINITIONS = (
					"DEBUG=1",
					"$(inherited)",
				);
				GCC_WARN_64_TO_32_BIT_CONVERSION = YES;
				GCC_WARN_ABOUT_RETURN_TYPE = YES_ERROR;
				GCC_WARN_UNDECLARED_SELECTOR = YES;
				GCC_WARN_UNINITIALIZED_AUTOS = YES_AGGRESSIVE;
				GCC_WARN_UNUSED_FUNCTION = YES;
				GCC_WARN_UNUSED_VARIABLE = YES;
				IPHONEOS_DEPLOYMENT_TARGET = 12.1;
				MTL_ENABLE_DEBUG_INFO = INCLUDE_SOURCE;
				MTL_FAST_MATH = YES;
				ONLY_ACTIVE_ARCH = YES;
				SDKROOT = iphoneos;
			};
			name = Debug;
		};
		E175C3C72269B8AC00DA2D13 /* Release */ = {
			isa = XCBuildConfiguration;
			buildSettings = {
				ALWAYS_SEARCH_USER_PATHS = NO;
				CLANG_ANALYZER_NONNULL = YES;
				CLANG_ANALYZER_NUMBER_OBJECT_CONVERSION = YES_AGGRESSIVE;
				CLANG_CXX_LANGUAGE_STANDARD = "gnu++14";
				CLANG_CXX_LIBRARY = "libc++";
				CLANG_ENABLE_MODULES = YES;
				CLANG_ENABLE_OBJC_ARC = YES;
				CLANG_ENABLE_OBJC_WEAK = YES;
				CLANG_WARN_BLOCK_CAPTURE_AUTORELEASING = YES;
				CLANG_WARN_BOOL_CONVERSION = YES;
				CLANG_WARN_COMMA = YES;
				CLANG_WARN_CONSTANT_CONVERSION = YES;
				CLANG_WARN_DEPRECATED_OBJC_IMPLEMENTATIONS = YES;
				CLANG_WARN_DIRECT_OBJC_ISA_USAGE = YES_ERROR;
				CLANG_WARN_DOCUMENTATION_COMMENTS = YES;
				CLANG_WARN_EMPTY_BODY = YES;
				CLANG_WARN_ENUM_CONVERSION = YES;
				CLANG_WARN_INFINITE_RECURSION = YES;
				CLANG_WARN_INT_CONVERSION = YES;
				CLANG_WARN_NON_LITERAL_NULL_CONVERSION = YES;
				CLANG_WARN_OBJC_IMPLICIT_RETAIN_SELF = YES;
				CLANG_WARN_OBJC_LITERAL_CONVERSION = YES;
				CLANG_WARN_OBJC_ROOT_CLASS = YES_ERROR;
				CLANG_WARN_RANGE_LOOP_ANALYSIS = YES;
				CLANG_WARN_STRICT_PROTOTYPES = YES;
				CLANG_WARN_SUSPICIOUS_MOVE = YES;
				CLANG_WARN_UNGUARDED_AVAILABILITY = YES_AGGRESSIVE;
				CLANG_WARN_UNREACHABLE_CODE = YES;
				CLANG_WARN__DUPLICATE_METHOD_MATCH = YES;
				CODE_SIGN_IDENTITY = "iPhone Developer";
				COPY_PHASE_STRIP = NO;
				DEBUG_INFORMATION_FORMAT = "dwarf-with-dsym";
				ENABLE_NS_ASSERTIONS = NO;
				ENABLE_STRICT_OBJC_MSGSEND = YES;
				GCC_C_LANGUAGE_STANDARD = gnu11;
				GCC_NO_COMMON_BLOCKS = YES;
				GCC_WARN_64_TO_32_BIT_CONVERSION = YES;
				GCC_WARN_ABOUT_RETURN_TYPE = YES_ERROR;
				GCC_WARN_UNDECLARED_SELECTOR = YES;
				GCC_WARN_UNINITIALIZED_AUTOS = YES_AGGRESSIVE;
				GCC_WARN_UNUSED_FUNCTION = YES;
				GCC_WARN_UNUSED_VARIABLE = YES;
				IPHONEOS_DEPLOYMENT_TARGET = 12.1;
				MTL_ENABLE_DEBUG_INFO = NO;
				MTL_FAST_MATH = YES;
				SDKROOT = iphoneos;
				VALIDATE_PRODUCT = YES;
			};
			name = Release;
		};
		E175C3C92269B8AC00DA2D13 /* Debug */ = {
			isa = XCBuildConfiguration;
			buildSettings = {
				ASSETCATALOG_COMPILER_APPICON_NAME = AppIcon;
				CODE_SIGN_STYLE = Automatic;
				DEVELOPMENT_TEAM = 76HE6TP5SH;
				INFOPLIST_FILE = SDUserDefaultsDemo/Info.plist;
				IPHONEOS_DEPLOYMENT_TARGET = 9.0;
				LD_RUNPATH_SEARCH_PATHS = (
					"$(inherited)",
					"@executable_path/Frameworks",
				);
				PRODUCT_BUNDLE_IDENTIFIER = com.bnqc.SDUserDefaultsDemo;
				PRODUCT_NAME = "$(TARGET_NAME)";
				TARGETED_DEVICE_FAMILY = "1,2";
			};
			name = Debug;
		};
		E175C3CA2269B8AC00DA2D13 /* Release */ = {
			isa = XCBuildConfiguration;
			buildSettings = {
				ASSETCATALOG_COMPILER_APPICON_NAME = AppIcon;
				CODE_SIGN_STYLE = Automatic;
				DEVELOPMENT_TEAM = 76HE6TP5SH;
				INFOPLIST_FILE = SDUserDefaultsDemo/Info.plist;
				IPHONEOS_DEPLOYMENT_TARGET = 9.0;
				LD_RUNPATH_SEARCH_PATHS = (
					"$(inherited)",
					"@executable_path/Frameworks",
				);
				PRODUCT_BUNDLE_IDENTIFIER = com.bnqc.SDUserDefaultsDemo;
				PRODUCT_NAME = "$(TARGET_NAME)";
				TARGETED_DEVICE_FAMILY = "1,2";
			};
			name = Release;
		};
/* End XCBuildConfiguration section */

/* Begin XCConfigurationList section */
		E175C3AD2269B8A900DA2D13 /* Build configuration list for PBXProject "SDUserDefaultsDemo" */ = {
			isa = XCConfigurationList;
			buildConfigurations = (
				E175C3C62269B8AC00DA2D13 /* Debug */,
				E175C3C72269B8AC00DA2D13 /* Release */,
			);
			defaultConfigurationIsVisible = 0;
			defaultConfigurationName = Release;
		};
		E175C3C82269B8AC00DA2D13 /* Build configuration list for PBXNativeTarget "SDUserDefaultsDemo" */ = {
			isa = XCConfigurationList;
			buildConfigurations = (
				E175C3C92269B8AC00DA2D13 /* Debug */,
				E175C3CA2269B8AC00DA2D13 /* Release */,
			);
			defaultConfigurationIsVisible = 0;
			defaultConfigurationName = Release;
		};
/* End XCConfigurationList section */
	};
	rootObject = E175C3AA2269B8A900DA2D13 /* Project object */;
}
